
Microsoft Visual Studio Solution File, Format Version 12.00
# Visual Studio Version 17
VisualStudioVersion = 17.4.33213.308
MinimumVisualStudioVersion = 10.0.40219.1
Project("{FAE04EC0-301F-11D3-BF4B-00C04F79EFBC}") = "JorgeHidalgo", "JorgeHidalgo\JorgeHidalgo.csproj", "{F2D8CB58-0E04-44EB-8306-99DEF7B8941A}"
EndProject
Project("{FAE04EC0-301F-11D3-BF4B-00C04F79EFBC}") = "Primer Formulario", "Primer Formulario\Primer Formulario.csproj", "{BC31889A-1565-4D70-967E-1A77A0FD8F69}"
EndProject
Project("{FAE04EC0-301F-11D3-BF4B-00C04F79EFBC}") = "Segundo Formulario", "Segundo Formulario\Segundo Formulario.csproj", "{4875A5AB-2F7C-4D36-8D98-2725F24ED354}"
EndProject
Project("{FAE04EC0-301F-11D3-BF4B-00C04F79EFBC}") = "Tercer Formulario", "Tercer Formulario\Tercer Formulario.csproj", "{2C4CFD97-39B4-42C2-BC3C-B591463F0FAD}"
EndProject
Global
	GlobalSection(SolutionConfigurationPlatforms) = preSolution
		Debug|Any CPU = Debug|Any CPU
		Release|Any CPU = Release|Any CPU
	EndGlobalSection
	GlobalSection(ProjectConfigurationPlatforms) = postSolution
		{F2D8CB58-0E04-44EB-8306-99DEF7B8941A}.Debug|Any CPU.ActiveCfg = Debug|Any CPU
		{F2D8CB58-0E04-44EB-8306-99DEF7B8941A}.Debug|Any CPU.Build.0 = Debug|Any CPU
		{F2D8CB58-0E04-44EB-8306-99DEF7B8941A}.Release|Any CPU.ActiveCfg = Release|Any CPU
		{F2D8CB58-0E04-44EB-8306-99DEF7B8941A}.Release|Any CPU.Build.0 = Release|Any CPU
		{BC31889A-1565-4D70-967E-1A77A0FD8F69}.Debug|Any CPU.ActiveCfg = Debug|Any CPU
		{BC31889A-1565-4D70-967E-1A77A0FD8F69}.Debug|Any CPU.Build.0 = Debug|Any CPU
		{BC31889A-1565-4D70-967E-1A77A0FD8F69}.Release|Any CPU.ActiveCfg = Release|Any CPU
		{BC31889A-1565-4D70-967E-1A77A0FD8F69}.Release|Any CPU.Build.0 = Release|Any CPU
		{4875A5AB-2F7C-4D36-8D98-2725F24ED354}.Debug|Any CPU.ActiveCfg = Debug|Any CPU
		{4875A5AB-2F7C-4D36-8D98-2725F24ED354}.Debug|Any CPU.Build.0 = Debug|Any CPU
		{4875A5AB-2F7C-4D36-8D98-2725F24ED354}.Release|Any CPU.ActiveCfg = Release|Any CPU
		{4875A5AB-2F7C-4D36-8D98-2725F24ED354}.Release|Any CPU.Build.0 = Release|Any CPU
		{2C4CFD97-39B4-42C2-BC3C-B591463F0FAD}.Debug|Any CPU.ActiveCfg = Debug|Any CPU
		{2C4CFD97-39B4-42C2-BC3C-B591463F0FAD}.Debug|Any CPU.Build.0 = Debug|Any CPU
		{2C4CFD97-39B4-42C2-BC3C-B591463F0FAD}.Release|Any CPU.ActiveCfg = Release|Any CPU
		{2C4CFD97-39B4-42C2-BC3C-B591463F0FAD}.Release|Any CPU.Build.0 = Release|Any CPU
	EndGlobalSection
	GlobalSection(SolutionProperties) = preSolution
		HideSolutionNode = FALSE
	EndGlobalSection
	GlobalSection(ExtensibilityGlobals) = postSolution
		SolutionGuid = {2DF0DEC1-B53C-4407-A291-FB15898ACA84}
	EndGlobalSection
EndGlobal
